// !$*UTF8*$!
{
	archiveVersion = 1;
	classes = {
	};
	objectVersion = 50;
	objects = {

/* Begin PBXBuildFile section */
		433EF3A1259F00E1000EF388 /* AppDelegate.swift in Sources */ = {isa = PBXBuildFile; fileRef = 433EF3A0259F00E1000EF388 /* AppDelegate.swift */; };
		433EF3A3259F00E1000EF388 /* SceneDelegate.swift in Sources */ = {isa = PBXBuildFile; fileRef = 433EF3A2259F00E1000EF388 /* SceneDelegate.swift */; };
		433EF3A5259F00E1000EF388 /* ViewController.swift in Sources */ = {isa = PBXBuildFile; fileRef = 433EF3A4259F00E1000EF388 /* ViewController.swift */; };
		433EF3A8259F00E1000EF388 /* Main.storyboard in Resources */ = {isa = PBXBuildFile; fileRef = 433EF3A6259F00E1000EF388 /* Main.storyboard */; };
		433EF3AA259F00E3000EF388 /* Assets.xcassets in Resources */ = {isa = PBXBuildFile; fileRef = 433EF3A9259F00E3000EF388 /* Assets.xcassets */; };
		433EF3AD259F00E3000EF388 /* LaunchScreen.storyboard in Resources */ = {isa = PBXBuildFile; fileRef = 433EF3AB259F00E3000EF388 /* LaunchScreen.storyboard */; };
		433EF3B8259F00E4000EF388 /* PreworkTests.swift in Sources */ = {isa = PBXBuildFile; fileRef = 433EF3B7259F00E4000EF388 /* PreworkTests.swift */; };
		433EF3C3259F00E4000EF388 /* PreworkUITests.swift in Sources */ = {isa = PBXBuildFile; fileRef = 433EF3C2259F00E4000EF388 /* PreworkUITests.swift */; };
/* End PBXBuildFile section */

/* Begin PBXContainerItemProxy section */
		433EF3B4259F00E4000EF388 /* PBXContainerItemProxy */ = {
			isa = PBXContainerItemProxy;
			containerPortal = 433EF395259F00E1000EF388 /* Project object */;
			proxyType = 1;
			remoteGlobalIDString = 433EF39C259F00E1000EF388;
			remoteInfo = Prework;
		};
		433EF3BF259F00E4000EF388 /* PBXContainerItemProxy */ = {
			isa = PBXContainerItemProxy;
			containerPortal = 433EF395259F00E1000EF388 /* Project object */;
			proxyType = 1;
			remoteGlobalIDString = 433EF39C259F00E1000EF388;
			remoteInfo = Prework;
		};
/* End PBXContainerItemProxy section */

/* Begin PBXFileReference section */
		433EF39D259F00E1000EF388 /* Prework.app */ = {isa = PBXFileReference; explicitFileType = wrapper.application; includeInIndex = 0; path = Prework.app; sourceTree = BUILT_PRODUCTS_DIR; };
		433EF3A0259F00E1000EF388 /* AppDelegate.swift */ = {isa = PBXFileReference; lastKnownFileType = sourcecode.swift; path = AppDelegate.swift; sourceTree = "<group>"; };
		433EF3A2259F00E1000EF388 /* SceneDelegate.swift */ = {isa = PBXFileReference; lastKnownFileType = sourcecode.swift; path = SceneDelegate.swift; sourceTree = "<group>"; };
		433EF3A4259F00E1000EF388 /* ViewController.swift */ = {isa = PBXFileReference; lastKnownFileType = sourcecode.swift; path = ViewController.swift; sourceTree = "<group>"; };
		433EF3A7259F00E1000EF388 /* Base */ = {isa = PBXFileReference; lastKnownFileType = file.storyboard; name = Base; path = Base.lproj/Main.storyboard; sourceTree = "<group>"; };
		433EF3A9259F00E3000EF388 /* Assets.xcassets */ = {isa = PBXFileReference; lastKnownFileType = folder.assetcatalog; path = Assets.xcassets; sourceTree = "<group>"; };
		433EF3AC259F00E3000EF388 /* Base */ = {isa = PBXFileReference; lastKnownFileType = file.storyboard; name = Base; path = Base.lproj/LaunchScreen.storyboard; sourceTree = "<group>"; };
		433EF3AE259F00E3000EF388 /* Info.plist */ = {isa = PBXFileReference; lastKnownFileType = text.plist.xml; path = Info.plist; sourceTree = "<group>"; };
		433EF3B3259F00E4000EF388 /* PreworkTests.xctest */ = {isa = PBXFileReference; explicitFileType = wrapper.cfbundle; includeInIndex = 0; path = PreworkTests.xctest; sourceTree = BUILT_PRODUCTS_DIR; };
		433EF3B7259F00E4000EF388 /* PreworkTests.swift */ = {isa = PBXFileReference; lastKnownFileType = sourcecode.swift; path = PreworkTests.swift; sourceTree = "<group>"; };
		433EF3B9259F00E4000EF388 /* Info.plist */ = {isa = PBXFileReference; lastKnownFileType = text.plist.xml; path = Info.plist; sourceTree = "<group>"; };
		433EF3BE259F00E4000EF388 /* PreworkUITests.xctest */ = {isa = PBXFileReference; explicitFileType = wrapper.cfbundle; includeInIndex = 0; path = PreworkUITests.xctest; sourceTree = BUILT_PRODUCTS_DIR; };
		433EF3C2259F00E4000EF388 /* PreworkUITests.swift */ = {isa = PBXFileReference; lastKnownFileType = sourcecode.swift; path = PreworkUITests.swift; sourceTree = "<group>"; };
		433EF3C4259F00E4000EF388 /* Info.plist */ = {isa = PBXFileReference; lastKnownFileType = text.plist.xml; path = Info.plist; sourceTree = "<group>"; };
/* End PBXFileReference section */

/* Begin PBXFrameworksBuildPhase section */
		433EF39A259F00E1000EF388 /* Frameworks */ = {
			isa = PBXFrameworksBuildPhase;
			buildActionMask = 2147483647;
			files = (
			);
			runOnlyForDeploymentPostprocessing = 0;
		};
		433EF3B0259F00E4000EF388 /* Frameworks */ = {
			isa = PBXFrameworksBuildPhase;
			buildActionMask = 2147483647;
			files = (
			);
			runOnlyForDeploymentPostprocessing = 0;
		};
		433EF3BB259F00E4000EF388 /* Frameworks */ = {
			isa = PBXFrameworksBuildPhase;
			buildActionMask = 2147483647;
			files = (
			);
			runOnlyForDeploymentPostprocessing = 0;
		};
/* End PBXFrameworksBuildPhase section */

/* Begin PBXGroup section */
		433EF394259F00E1000EF388 = {
			isa = PBXGroup;
			children = (
				433EF39F259F00E1000EF388 /* Prework */,
				433EF3B6259F00E4000EF388 /* PreworkTests */,
				433EF3C1259F00E4000EF388 /* PreworkUITests */,
				433EF39E259F00E1000EF388 /* Products */,
			);
			sourceTree = "<group>";
		};
		433EF39E259F00E1000EF388 /* Products */ = {
			isa = PBXGroup;
			children = (
				433EF39D259F00E1000EF388 /* Prework.app */,
				433EF3B3259F00E4000EF388 /* PreworkTests.xctest */,
				433EF3BE259F00E4000EF388 /* PreworkUITests.xctest */,
			);
			name = Products;
			sourceTree = "<group>";
		};
		433EF39F259F00E1000EF388 /* Prework */ = {
			isa = PBXGroup;
			children = (
				433EF3A0259F00E1000EF388 /* AppDelegate.swift */,
				433EF3A2259F00E1000EF388 /* SceneDelegate.swift */,
				433EF3A4259F00E1000EF388 /* ViewController.swift */,
				433EF3A6259F00E1000EF388 /* Main.storyboard */,
				433EF3A9259F00E3000EF388 /* Assets.xcassets */,
				433EF3AB259F00E3000EF388 /* LaunchScreen.storyboard */,
				433EF3AE259F00E3000EF388 /* Info.plist */,
			);
			path = Prework;
			sourceTree = "<group>";
		};
		433EF3B6259F00E4000EF388 /* PreworkTests */ = {
			isa = PBXGroup;
			children = (
				433EF3B7259F00E4000EF388 /* PreworkTests.swift */,
				433EF3B9259F00E4000EF388 /* Info.plist */,
			);
			path = PreworkTests;
			sourceTree = "<group>";
		};
		433EF3C1259F00E4000EF388 /* PreworkUITests */ = {
			isa = PBXGroup;
			children = (
				433EF3C2259F00E4000EF388 /* PreworkUITests.swift */,
				433EF3C4259F00E4000EF388 /* Info.plist */,
			);
			path = PreworkUITests;
			sourceTree = "<group>";
		};
/* End PBXGroup section */

/* Begin PBXNativeTarget section */
		433EF39C259F00E1000EF388 /* Prework */ = {
			isa = PBXNativeTarget;
			buildConfigurationList = 433EF3C7259F00E4000EF388 /* Build configuration list for PBXNativeTarget "Prework" */;
			buildPhases = (
				433EF399259F00E1000EF388 /* Sources */,
				433EF39A259F00E1000EF388 /* Frameworks */,
				433EF39B259F00E1000EF388 /* Resources */,
			);
			buildRules = (
			);
			dependencies = (
			);
			name = Prework;
			productName = Prework;
			productReference = 433EF39D259F00E1000EF388 /* Prework.app */;
			productType = "com.apple.product-type.application";
		};
		433EF3B2259F00E4000EF388 /* PreworkTests */ = {
			isa = PBXNativeTarget;
			buildConfigurationList = 433EF3CA259F00E4000EF388 /* Build configuration list for PBXNativeTarget "PreworkTests" */;
			buildPhases = (
				433EF3AF259F00E4000EF388 /* Sources */,
				433EF3B0259F00E4000EF388 /* Frameworks */,
				433EF3B1259F00E4000EF388 /* Resources */,
			);
			buildRules = (
			);
			dependencies = (
				433EF3B5259F00E4000EF388 /* PBXTargetDependency */,
			);
			name = PreworkTests;
			productName = PreworkTests;
			productReference = 433EF3B3259F00E4000EF388 /* PreworkTests.xctest */;
			productType = "com.apple.product-type.bundle.unit-test";
		};
		433EF3BD259F00E4000EF388 /* PreworkUITests */ = {
			isa = PBXNativeTarget;
			buildConfigurationList = 433EF3CD259F00E4000EF388 /* Build configuration list for PBXNativeTarget "PreworkUITests" */;
			buildPhases = (
				433EF3BA259F00E4000EF388 /* Sources */,
				433EF3BB259F00E4000EF388 /* Frameworks */,
				433EF3BC259F00E4000EF388 /* Resources */,
			);
			buildRules = (
			);
			dependencies = (
				433EF3C0259F00E4000EF388 /* PBXTargetDependency */,
			);
			name = PreworkUITests;
			productName = PreworkUITests;
			productReference = 433EF3BE259F00E4000EF388 /* PreworkUITests.xctest */;
			productType = "com.apple.product-type.bundle.ui-testing";
		};
/* End PBXNativeTarget section */

/* Begin PBXProject section */
		433EF395259F00E1000EF388 /* Project object */ = {
			isa = PBXProject;
			attributes = {
				LastSwiftUpdateCheck = 1230;
				LastUpgradeCheck = 1230;
				TargetAttributes = {
					433EF39C259F00E1000EF388 = {
						CreatedOnToolsVersion = 12.3;
					};
					433EF3B2259F00E4000EF388 = {
						CreatedOnToolsVersion = 12.3;
						TestTargetID = 433EF39C259F00E1000EF388;
					};
					433EF3BD259F00E4000EF388 = {
						CreatedOnToolsVersion = 12.3;
						TestTargetID = 433EF39C259F00E1000EF388;
					};
				};
			};
			buildConfigurationList = 433EF398259F00E1000EF388 /* Build configuration list for PBXProject "Prework" */;
			compatibilityVersion = "Xcode 9.3";
			developmentRegion = en;
			hasScannedForEncodings = 0;
			knownRegions = (
				en,
				Base,
			);
			mainGroup = 433EF394259F00E1000EF388;
			productRefGroup = 433EF39E259F00E1000EF388 /* Products */;
			projectDirPath = "";
			projectRoot = "";
			targets = (
				433EF39C259F00E1000EF388 /* Prework */,
				433EF3B2259F00E4000EF388 /* PreworkTests */,
				433EF3BD259F00E4000EF388 /* PreworkUITests */,
			);
		};
/* End PBXProject section */

/* Begin PBXResourcesBuildPhase section */
		433EF39B259F00E1000EF388 /* Resources */ = {
			isa = PBXResourcesBuildPhase;
			buildActionMask = 2147483647;
			files = (
				433EF3AD259F00E3000EF388 /* LaunchScreen.storyboard in Resources */,
				433EF3AA259F00E3000EF388 /* Assets.xcassets in Resources */,
				433EF3A8259F00E1000EF388 /* Main.storyboard in Resources */,
			);
			runOnlyForDeploymentPostprocessing = 0;
		};
		433EF3B1259F00E4000EF388 /* Resources */ = {
			isa = PBXResourcesBuildPhase;
			buildActionMask = 2147483647;
			files = (
			);
			runOnlyForDeploymentPostprocessing = 0;
		};
		433EF3BC259F00E4000EF388 /* Resources */ = {
			isa = PBXResourcesBuildPhase;
			buildActionMask = 2147483647;
			files = (
			);
			runOnlyForDeploymentPostprocessing = 0;
		};
/* End PBXResourcesBuildPhase section */

/* Begin PBXSourcesBuildPhase section */
		433EF399259F00E1000EF388 /* Sources */ = {
			isa = PBXSourcesBuildPhase;
			buildActionMask = 2147483647;
			files = (
				433EF3A5259F00E1000EF388 /* ViewController.swift in Sources */,
				433EF3A1259F00E1000EF388 /* AppDelegate.swift in Sources */,
				433EF3A3259F00E1000EF388 /* SceneDelegate.swift in Sources */,
			);
			runOnlyForDeploymentPostprocessing = 0;
		};
		433EF3AF259F00E4000EF388 /* Sources */ = {
			isa = PBXSourcesBuildPhase;
			buildActionMask = 2147483647;
			files = (
				433EF3B8259F00E4000EF388 /* PreworkTests.swift in Sources */,
			);
			runOnlyForDeploymentPostprocessing = 0;
		};
		433EF3BA259F00E4000EF388 /* Sources */ = {
			isa = PBXSourcesBuildPhase;
			buildActionMask = 2147483647;
			files = (
				433EF3C3259F00E4000EF388 /* PreworkUITests.swift in Sources */,
			);
			runOnlyForDeploymentPostprocessing = 0;
		};
/* End PBXSourcesBuildPhase section */

/* Begin PBXTargetDependency section */
		433EF3B5259F00E4000EF388 /* PBXTargetDependency */ = {
			isa = PBXTargetDependency;
			target = 433EF39C259F00E1000EF388 /* Prework */;
			targetProxy = 433EF3B4259F00E4000EF388 /* PBXContainerItemProxy */;
		};
		433EF3C0259F00E4000EF388 /* PBXTargetDependency */ = {
			isa = PBXTargetDependency;
			target = 433EF39C259F00E1000EF388 /* Prework */;
			targetProxy = 433EF3BF259F00E4000EF388 /* PBXContainerItemProxy */;
		};
/* End PBXTargetDependency section */

/* Begin PBXVariantGroup section */
		433EF3A6259F00E1000EF388 /* Main.storyboard */ = {
			isa = PBXVariantGroup;
			children = (
				433EF3A7259F00E1000EF388 /* Base */,
			);
			name = Main.storyboard;
			sourceTree = "<group>";
		};
		433EF3AB259F00E3000EF388 /* LaunchScreen.storyboard */ = {
			isa = PBXVariantGroup;
			children = (
				433EF3AC259F00E3000EF388 /* Base */,
			);
			name = LaunchScreen.storyboard;
			sourceTree = "<group>";
		};
/* End PBXVariantGroup section */

/* Begin XCBuildConfiguration section */
		433EF3C5259F00E4000EF388 /* Debug */ = {
			isa = XCBuildConfiguration;
			buildSettings = {
				ALWAYS_SEARCH_USER_PATHS = NO;
				CLANG_ANALYZER_NONNULL = YES;
				CLANG_ANALYZER_NUMBER_OBJECT_CONVERSION = YES_AGGRESSIVE;
				CLANG_CXX_LANGUAGE_STANDARD = "gnu++14";
				CLANG_CXX_LIBRARY = "libc++";
				CLANG_ENABLE_MODULES = YES;
				CLANG_ENABLE_OBJC_ARC = YES;
				CLANG_ENABLE_OBJC_WEAK = YES;
				CLANG_WARN_BLOCK_CAPTURE_AUTORELEASING = YES;
				CLANG_WARN_BOOL_CONVERSION = YES;
				CLANG_WARN_COMMA = YES;
				CLANG_WARN_CONSTANT_CONVERSION = YES;
				CLANG_WARN_DEPRECATED_OBJC_IMPLEMENTATIONS = YES;
				CLANG_WARN_DIRECT_OBJC_ISA_USAGE = YES_ERROR;
				CLANG_WARN_DOCUMENTATION_COMMENTS = YES;
				CLANG_WARN_EMPTY_BODY = YES;
				CLANG_WARN_ENUM_CONVERSION = YES;
				CLANG_WARN_INFINITE_RECURSION = YES;
				CLANG_WARN_INT_CONVERSION = YES;
				CLANG_WARN_NON_LITERAL_NULL_CONVERSION = YES;
				CLANG_WARN_OBJC_IMPLICIT_RETAIN_SELF = YES;
				CLANG_WARN_OBJC_LITERAL_CONVERSION = YES;
				CLANG_WARN_OBJC_ROOT_CLASS = YES_ERROR;
				CLANG_WARN_QUOTED_INCLUDE_IN_FRAMEWORK_HEADER = YES;
				CLANG_WARN_RANGE_LOOP_ANALYSIS = YES;
				CLANG_WARN_STRICT_PROTOTYPES = YES;
				CLANG_WARN_SUSPICIOUS_MOVE = YES;
				CLANG_WARN_UNGUARDED_AVAILABILITY = YES_AGGRESSIVE;
				CLANG_WARN_UNREACHABLE_CODE = YES;
				CLANG_WARN__DUPLICATE_METHOD_MATCH = YES;
				COPY_PHASE_STRIP = NO;
				DEBUG_INFORMATION_FORMAT = dwarf;
				ENABLE_STRICT_OBJC_MSGSEND = YES;
				ENABLE_TESTABILITY = YES;
				GCC_C_LANGUAGE_STANDARD = gnu11;
				GCC_DYNAMIC_NO_PIC = NO;
				GCC_NO_COMMON_BLOCKS = YES;
				GCC_OPTIMIZATION_LEVEL = 0;
				GCC_PREPROCESSOR_DEFINITIONS = (
					"DEBUG=1",
					"$(inherited)",
				);
				GCC_WARN_64_TO_32_BIT_CONVERSION = YES;
				GCC_WARN_ABOUT_RETURN_TYPE = YES_ERROR;
				GCC_WARN_UNDECLARED_SELECTOR = YES;
				GCC_WARN_UNINITIALIZED_AUTOS = YES_AGGRESSIVE;
				GCC_WARN_UNUSED_FUNCTION = YES;
				GCC_WARN_UNUSED_VARIABLE = YES;
				IPHONEOS_DEPLOYMENT_TARGET = 14.3;
				MTL_ENABLE_DEBUG_INFO = INCLUDE_SOURCE;
				MTL_FAST_MATH = YES;
				ONLY_ACTIVE_ARCH = YES;
				SDKROOT = iphoneos;
				SWIFT_ACTIVE_COMPILATION_CONDITIONS = DEBUG;
				SWIFT_OPTIMIZATION_LEVEL = "-Onone";
			};
			name = Debug;
		};
		433EF3C6259F00E4000EF388 /* Release */ = {
			isa = XCBuildConfiguration;
			buildSettings = {
				ALWAYS_SEARCH_USER_PATHS = NO;
				CLANG_ANALYZER_NONNULL = YES;
				CLANG_ANALYZER_NUMBER_OBJECT_CONVERSION = YES_AGGRESSIVE;
				CLANG_CXX_LANGUAGE_STANDARD = "gnu++14";
				CLANG_CXX_LIBRARY = "libc++";
				CLANG_ENABLE_MODULES = YES;
				CLANG_ENABLE_OBJC_ARC = YES;
				CLANG_ENABLE_OBJC_WEAK = YES;
				CLANG_WARN_BLOCK_CAPTURE_AUTORELEASING = YES;
				CLANG_WARN_BOOL_CONVERSION = YES;
				CLANG_WARN_COMMA = YES;
				CLANG_WARN_CONSTANT_CONVERSION = YES;
				CLANG_WARN_DEPRECATED_OBJC_IMPLEMENTATIONS = YES;
				CLANG_WARN_DIRECT_OBJC_ISA_USAGE = YES_ERROR;
				CLANG_WARN_DOCUMENTATION_COMMENTS = YES;
				CLANG_WARN_EMPTY_BODY = YES;
				CLANG_WARN_ENUM_CONVERSION = YES;
				CLANG_WARN_INFINITE_RECURSION = YES;
				CLANG_WARN_INT_CONVERSION = YES;
				CLANG_WARN_NON_LITERAL_NULL_CONVERSION = YES;
				CLANG_WARN_OBJC_IMPLICIT_RETAIN_SELF = YES;
				CLANG_WARN_OBJC_LITERAL_CONVERSION = YES;
				CLANG_WARN_OBJC_ROOT_CLASS = YES_ERROR;
				CLANG_WARN_QUOTED_INCLUDE_IN_FRAMEWORK_HEADER = YES;
				CLANG_WARN_RANGE_LOOP_ANALYSIS = YES;
				CLANG_WARN_STRICT_PROTOTYPES = YES;
				CLANG_WARN_SUSPICIOUS_MOVE = YES;
				CLANG_WARN_UNGUARDED_AVAILABILITY = YES_AGGRESSIVE;
				CLANG_WARN_UNREACHABLE_CODE = YES;
				CLANG_WARN__DUPLICATE_METHOD_MATCH = YES;
				COPY_PHASE_STRIP = NO;
				DEBUG_INFORMATION_FORMAT = "dwarf-with-dsym";
				ENABLE_NS_ASSERTIONS = NO;
				ENABLE_STRICT_OBJC_MSGSEND = YES;
				GCC_C_LANGUAGE_STANDARD = gnu11;
				GCC_NO_COMMON_BLOCKS = YES;
				GCC_WARN_64_TO_32_BIT_CONVERSION = YES;
				GCC_WARN_ABOUT_RETURN_TYPE = YES_ERROR;
				GCC_WARN_UNDECLARED_SELECTOR = YES;
				GCC_WARN_UNINITIALIZED_AUTOS = YES_AGGRESSIVE;
				GCC_WARN_UNUSED_FUNCTION = YES;
				GCC_WARN_UNUSED_VARIABLE = YES;
				IPHONEOS_DEPLOYMENT_TARGET = 14.3;
				MTL_ENABLE_DEBUG_INFO = NO;
				MTL_FAST_MATH = YES;
				SDKROOT = iphoneos;
				SWIFT_COMPILATION_MODE = wholemodule;
				SWIFT_OPTIMIZATION_LEVEL = "-O";
				VALIDATE_PRODUCT = YES;
			};
			name = Release;
		};
		433EF3C8259F00E4000EF388 /* Debug */ = {
			isa = XCBuildConfiguration;
			buildSettings = {
				ASSETCATALOG_COMPILER_APPICON_NAME = AppIcon;
				ASSETCATALOG_COMPILER_GLOBAL_ACCENT_COLOR_NAME = AccentColor;
				CODE_SIGN_STYLE = Automatic;
				DEVELOPMENT_TEAM = L7CF83KM38;
				INFOPLIST_FILE = Prework/Info.plist;
				LD_RUNPATH_SEARCH_PATHS = (
					"$(inherited)",
					"@executable_path/Frameworks",
				);
				PRODUCT_BUNDLE_IDENTIFIER = nikhilmatta.Prework;
				PRODUCT_NAME = "$(TARGET_NAME)";
				SWIFT_VERSION = 5.0;
				TARGETED_DEVICE_FAMILY = "1,2";
			};
			name = Debug;
		};
		433EF3C9259F00E4000EF388 /* Release */ = {
			isa = XCBuildConfiguration;
			buildSettings = {
				ASSETCATALOG_COMPILER_APPICON_NAME = AppIcon;
				ASSETCATALOG_COMPILER_GLOBAL_ACCENT_COLOR_NAME = AccentColor;
				CODE_SIGN_STYLE = Automatic;
				DEVELOPMENT_TEAM = L7CF83KM38;
				INFOPLIST_FILE = Prework/Info.plist;
				LD_RUNPATH_SEARCH_PATHS = (
					"$(inherited)",
					"@executable_path/Frameworks",
				);
				PRODUCT_BUNDLE_IDENTIFIER = nikhilmatta.Prework;
				PRODUCT_NAME = "$(TARGET_NAME)";
				SWIFT_VERSION = 5.0;
				TARGETED_DEVICE_FAMILY = "1,2";
			};
			name = Release;
		};
		433EF3CB259F00E4000EF388 /* Debug */ = {
			isa = XCBuildConfiguration;
			buildSettings = {
				ALWAYS_EMBED_SWIFT_STANDARD_LIBRARIES = YES;
				BUNDLE_LOADER = "$(TEST_HOST)";
				CODE_SIGN_STYLE = Automatic;
				DEVELOPMENT_TEAM = L7CF83KM38;
				INFOPLIST_FILE = PreworkTests/Info.plist;
				IPHONEOS_DEPLOYMENT_TARGET = 14.3;
				LD_RUNPATH_SEARCH_PATHS = (
					"$(inherited)",
					"@executable_path/Frameworks",
					"@loader_path/Frameworks",
				);
				PRODUCT_BUNDLE_IDENTIFIER = nikhilmatta.PreworkTests;
				PRODUCT_NAME = "$(TARGET_NAME)";
				SWIFT_VERSION = 5.0;
				TARGETED_DEVICE_FAMILY = "1,2";
				TEST_HOST = "$(BUILT_PRODUCTS_DIR)/Prework.app/Prework";
			};
			name = Debug;
		};
		433EF3CC259F00E4000EF388 /* Release */ = {
			isa = XCBuildConfiguration;
			buildSettings = {
				ALWAYS_EMBED_SWIFT_STANDARD_LIBRARIES = YES;
				BUNDLE_LOADER = "$(TEST_HOST)";
				CODE_SIGN_STYLE = Automatic;
				DEVELOPMENT_TEAM = L7CF83KM38;
				INFOPLIST_FILE = PreworkTests/Info.plist;
				IPHONEOS_DEPLOYMENT_TARGET = 14.3;
				LD_RUNPATH_SEARCH_PATHS = (
					"$(inherited)",
					"@executable_path/Frameworks",
					"@loader_path/Frameworks",
				);
				PRODUCT_BUNDLE_IDENTIFIER = nikhilmatta.PreworkTests;
				PRODUCT_NAME = "$(TARGET_NAME)";
				SWIFT_VERSION = 5.0;
				TARGETED_DEVICE_FAMILY = "1,2";
				TEST_HOST = "$(BUILT_PRODUCTS_DIR)/Prework.app/Prework";
			};
			name = Release;
		};
		433EF3CE259F00E4000EF388 /* Debug */ = {
			isa = XCBuildConfiguration;
			buildSettings = {
				ALWAYS_EMBED_SWIFT_STANDARD_LIBRARIES = YES;
				CODE_SIGN_STYLE = Automatic;
				DEVELOPMENT_TEAM = L7CF83KM38;
				INFOPLIST_FILE = PreworkUITests/Info.plist;
				LD_RUNPATH_SEARCH_PATHS = (
					"$(inherited)",
					"@executable_path/Frameworks",
					"@loader_path/Frameworks",
				);
				PRODUCT_BUNDLE_IDENTIFIER = nikhilmatta.PreworkUITests;
				PRODUCT_NAME = "$(TARGET_NAME)";
				SWIFT_VERSION = 5.0;
				TARGETED_DEVICE_FAMILY = "1,2";
				TEST_TARGET_NAME = Prework;
			};
			name = Debug;
		};
		433EF3CF259F00E4000EF388 /* Release */ = {
			isa = XCBuildConfiguration;
			buildSettings = {
				ALWAYS_EMBED_SWIFT_STANDARD_LIBRARIES = YES;
				CODE_SIGN_STYLE = Automatic;
				DEVELOPMENT_TEAM = L7CF83KM38;
				INFOPLIST_FILE = PreworkUITests/Info.plist;
				LD_RUNPATH_SEARCH_PATHS = (
					"$(inherited)",
					"@executable_path/Frameworks",
					"@loader_path/Frameworks",
				);
				PRODUCT_BUNDLE_IDENTIFIER = nikhilmatta.PreworkUITests;
				PRODUCT_NAME = "$(TARGET_NAME)";
				SWIFT_VERSION = 5.0;
				TARGETED_DEVICE_FAMILY = "1,2";
				TEST_TARGET_NAME = Prework;
			};
			name = Release;
		};
/* End XCBuildConfiguration section */

/* Begin XCConfigurationList section */
		433EF398259F00E1000EF388 /* Build configuration list for PBXProject "Prework" */ = {
			isa = XCConfigurationList;
			buildConfigurations = (
				433EF3C5259F00E4000EF388 /* Debug */,
				433EF3C6259F00E4000EF388 /* Release */,
			);
			defaultConfigurationIsVisible = 0;
			defaultConfigurationName = Release;
		};
		433EF3C7259F00E4000EF388 /* Build configuration list for PBXNativeTarget "Prework" */ = {
			isa = XCConfigurationList;
			buildConfigurations = (
				433EF3C8259F00E4000EF388 /* Debug */,
				433EF3C9259F00E4000EF388 /* Release */,
			);
			defaultConfigurationIsVisible = 0;
			defaultConfigurationName = Release;
		};
		433EF3CA259F00E4000EF388 /* Build configuration list for PBXNativeTarget "PreworkTests" */ = {
			isa = XCConfigurationList;
			buildConfigurations = (
				433EF3CB259F00E4000EF388 /* Debug */,
				433EF3CC259F00E4000EF388 /* Release */,
			);
			defaultConfigurationIsVisible = 0;
			defaultConfigurationName = Release;
		};
		433EF3CD259F00E4000EF388 /* Build configuration list for PBXNativeTarget "PreworkUITests" */ = {
			isa = XCConfigurationList;
			buildConfigurations = (
				433EF3CE259F00E4000EF388 /* Debug */,
				433EF3CF259F00E4000EF388 /* Release */,
			);
			defaultConfigurationIsVisible = 0;
			defaultConfigurationName = Release;
		};
/* End XCConfigurationList section */
	};
	rootObject = 433EF395259F00E1000EF388 /* Project object */;
}
